
Microsoft Visual Studio Solution File, Format Version 12.00
# Visual Studio Version 17
VisualStudioVersion = 17.6.33723.286
MinimumVisualStudioVersion = 10.0.40219.1
Project("{FAE04EC0-301F-11D3-BF4B-00C04F79EFBC}") = "Kunde_MarktApp", "Kunde Biomark\Kunde_MarktApp.csproj", "{8D4DF3DF-6085-43D9-B190-35B0D46B2932}"
EndProject
Global
	GlobalSection(SolutionConfigurationPlatforms) = preSolution
		Debug|Any CPU = Debug|Any CPU
		Release|Any CPU = Release|Any CPU
	EndGlobalSection
	GlobalSection(ProjectConfigurationPlatforms) = postSolution
		{8D4DF3DF-6085-43D9-B190-35B0D46B2932}.Debug|Any CPU.ActiveCfg = Debug|Any CPU
		{8D4DF3DF-6085-43D9-B190-35B0D46B2932}.Debug|Any CPU.Build.0 = Debug|Any CPU
		{8D4DF3DF-6085-43D9-B190-35B0D46B2932}.Release|Any CPU.ActiveCfg = Release|Any CPU
		{8D4DF3DF-6085-43D9-B190-35B0D46B2932}.Release|Any CPU.Build.0 = Release|Any CPU
	EndGlobalSection
	GlobalSection(SolutionProperties) = preSolution
		HideSolutionNode = FALSE
	EndGlobalSection
	GlobalSection(ExtensibilityGlobals) = postSolution
		SolutionGuid = {00A88D9C-3B99-4707-9511-9BCBC38149C7}
	EndGlobalSection
EndGlobal
